<?xml version="1.0" encoding="UTF-8" standalone="yes" ?>
<CodeBlocks_project_file>
	<FileVersion major="1" minor="6" />
	<Project>
		<Option title="Dorfverwaltung" />
		<Option pch_mode="2" />
		<Option compiler="gcc" />
		<Build>
			<Script file="lib_finder.script" />
			<Target title="Debug">
				<Option output="bin/Debug/Dorfverwaltung" prefix_auto="1" extension_auto="1" />
				<Option working_dir="bin/Test" />
				<Option object_output="obj/Debug/" />
				<Option type="1" />
				<Option compiler="gcc" />
				<Compiler>
					<Add option="-g" />
				</Compiler>
			</Target>
			<Target title="Release">
				<Option output="bin/Release/Dorfverwaltung" prefix_auto="1" extension_auto="1" />
				<Option object_output="obj/Release/" />
				<Option type="1" />
				<Option compiler="gcc" />
				<Compiler>
					<Add option="-O2" />
				</Compiler>
				<Linker>
					<Add option="-s" />
				</Linker>
			</Target>
			<Target title="Test-cppunit">
				<Option output="bin/Test/Dorfverwaltung" prefix_auto="1" extension_auto="1" />
				<Option working_dir="bin/Test" />
				<Option object_output="obj/Test/" />
				<Option type="1" />
				<Option compiler="gcc" />
				<Compiler>
					<Add option="-g" />
				</Compiler>
			</Target>
			<Target title="Test-unittest">
				<Option output="bin/Test/Dorfverwaltung" prefix_auto="1" extension_auto="1" />
				<Option working_dir="bin/Test" />
				<Option object_output="obj/Test" />
				<Option type="1" />
				<Option compiler="gcc" />
				<Compiler>
					<Add option="-g" />
				</Compiler>
			</Target>
			<Target title="Test-boosttest">
				<Option output="bin/Test/Dorfverwaltung" prefix_auto="1" extension_auto="1" />
				<Option object_output="obj/Test/" />
				<Option type="1" />
				<Option compiler="gcc" />
				<Compiler>
					<Add option="-g" />
					<Add option="-DBOOST_TEST_DYN_LINK" />
				</Compiler>
				<Linker>
					<Add library="/usr/local/lib/libboost_unit_test_framework.so" />
				</Linker>
			</Target>
		</Build>
		<Compiler>
			<Add option="-Wall" />
			<Add option="-fexceptions" />
			<Add directory="$(#boost.include)" />
		</Compiler>
		<Linker>
			<Add option="$(#boost.lflags)" />
			<Add library="/usr/local/lib/libsqlite3.so" />
			<Add library="/usr/local/lib/libboost_regex.so" />
			<Add directory="$(#boost.lib)" />
		</Linker>
		<Unit filename="unittest-template.cpp">
			<Option target="&lt;{~None~}&gt;" />
		</Unit>
		<Unit filename="../dorfverwaltung/src-utf/BalanceTest.cpp">
			<Option target="Test-boosttest" />
		</Unit>
		<Unit filename="../dorfverwaltung/src-utf/BankTest.cpp">
			<Option target="Debug" />
			<Option target="Release" />
			<Option target="Test-boosttest" />
		</Unit>
		<Unit filename="../dorfverwaltung/src-utf/ClubMemberTest.cpp">
			<Option target="Test-boosttest" />
		</Unit>
		<Unit filename="../dorfverwaltung/src-utf/ContributionTest.cpp">
			<Option target="Test-boosttest" />
		</Unit>
		<Unit filename="../dorfverwaltung/src-utf/EMailExceptionTest.cpp">
			<Option target="Test-boosttest" />
		</Unit>
		<Unit filename="../dorfverwaltung/src-utf/EMailTest.cpp">
			<Option target="Test-boosttest" />
		</Unit>
		<Unit filename="../dorfverwaltung/src-utf/RessourcenTest.cpp">
			<Option target="Test-boosttest" />
		</Unit>
		<Unit filename="../dorfverwaltung/src-utf/TestFixture.cpp">
			<Option target="Test-boosttest" />
		</Unit>
		<Unit filename="../dorfverwaltung/src-utf/TestFixture.hpp">
			<Option target="Test-boosttest" />
		</Unit>
		<Unit filename="../dorfverwaltung/src-utf/UnitTestMain.cpp">
			<Option target="Test-boosttest" />
		</Unit>
		<Unit filename="../dorfverwaltung/src-utf/VillageSquareTest.cpp">
			<Option target="Debug" />
			<Option target="Test-boosttest" />
		</Unit>
		<Unit filename="../dorfverwaltung/src/Balance.cpp" />
		<Unit filename="../dorfverwaltung/src/Balance.hpp" />
		<Unit filename="../dorfverwaltung/src/Bank.cpp">
			<Option target="Debug" />
			<Option target="Release" />
			<Option target="Test-boosttest" />
		</Unit>
		<Unit filename="../dorfverwaltung/src/Bank.hpp">
			<Option target="Debug" />
			<Option target="Release" />
			<Option target="Test-boosttest" />
		</Unit>
		<Unit filename="../dorfverwaltung/src/ClubMember.cpp">
			<Option target="Debug" />
			<Option target="Release" />
			<Option target="Test-boosttest" />
		</Unit>
		<Unit filename="../dorfverwaltung/src/ClubMember.hpp">
			<Option target="Debug" />
			<Option target="Release" />
			<Option target="Test-boosttest" />
		</Unit>
		<Unit filename="../dorfverwaltung/src/Contribution.cpp" />
		<Unit filename="../dorfverwaltung/src/Contribution.hpp" />
		<Unit filename="../dorfverwaltung/src/EMail.cpp">
			<Option target="Debug" />
			<Option target="Release" />
			<Option target="Test-boosttest" />
		</Unit>
		<Unit filename="../dorfverwaltung/src/EMail.hpp">
			<Option target="Debug" />
			<Option target="Release" />
			<Option target="Test-boosttest" />
		</Unit>
		<Unit filename="../dorfverwaltung/src/EMailException.cpp">
			<Option target="Debug" />
			<Option target="Release" />
			<Option target="Test-boosttest" />
		</Unit>
		<Unit filename="../dorfverwaltung/src/EMailException.hpp">
			<Option target="Debug" />
			<Option target="Release" />
			<Option target="Test-boosttest" />
		</Unit>
		<Unit filename="../dorfverwaltung/src/Ressourcen.cpp" />
		<Unit filename="../dorfverwaltung/src/Ressourcen.hpp" />
		<Unit filename="../dorfverwaltung/src/VillageSquare.cpp" />
		<Unit filename="../dorfverwaltung/src/VillageSquare.hpp" />
		<Unit filename="../dorfverwaltung/src/dorfmanagement.cpp">
			<Option target="Debug" />
			<Option target="Release" />
			<Option target="Test-boosttest" />
		</Unit>
		<Unit filename="../dorfverwaltung/src/dorfmanagement.hpp">
			<Option target="Debug" />
			<Option target="Release" />
			<Option target="Test-boosttest" />
		</Unit>
		<Unit filename="../dorfverwaltung/src/dorfmanagementAddons.cpp" />
		<Unit filename="../dorfverwaltung/src/dorfmanagementAddons.hpp" />
		<Unit filename="../dorfverwaltung/src/main.cc">
			<Option target="Debug" />
			<Option target="Release" />
		</Unit>
		<Extensions>
			<code_completion />
			<envvars />
			<debugger />
			<lib_finder>
				<lib name="litesql" />
				<lib name="unittest++" />
				<lib name="cppunit" />
				<lib name="sqlite3" />
			</lib_finder>
		</Extensions>
	</Project>
</CodeBlocks_project_file>
